
Microsoft Visual Studio Solution File, Format Version 12.00
# Visual Studio Version 17
VisualStudioVersion = 17.6.33829.357
MinimumVisualStudioVersion = 10.0.40219.1
Project("{FAE04EC0-301F-11D3-BF4B-00C04F79EFBC}") = "csharp_hinhtron", "csharp_hinhtron\csharp_hinhtron.csproj", "{36679CD3-5543-40B6-AC60-B808E3F81F64}"
EndProject
Global
	GlobalSection(SolutionConfigurationPlatforms) = preSolution
		Debug|Any CPU = Debug|Any CPU
		Release|Any CPU = Release|Any CPU
	EndGlobalSection
	GlobalSection(ProjectConfigurationPlatforms) = postSolution
		{36679CD3-5543-40B6-AC60-B808E3F81F64}.Debug|Any CPU.ActiveCfg = Debug|Any CPU
		{36679CD3-5543-40B6-AC60-B808E3F81F64}.Debug|Any CPU.Build.0 = Debug|Any CPU
		{36679CD3-5543-40B6-AC60-B808E3F81F64}.Release|Any CPU.ActiveCfg = Release|Any CPU
		{36679CD3-5543-40B6-AC60-B808E3F81F64}.Release|Any CPU.Build.0 = Release|Any CPU
	EndGlobalSection
	GlobalSection(SolutionProperties) = preSolution
		HideSolutionNode = FALSE
	EndGlobalSection
	GlobalSection(ExtensibilityGlobals) = postSolution
		SolutionGuid = {C73BFE5C-FE1A-4336-AE84-AC7E74544838}
	EndGlobalSection
EndGlobal
